// !$*UTF8*$!
{
	archiveVersion = 1;
	classes = {
	};
	objectVersion = 46;
	objects = {

/* Begin PBXBuildFile section */
		C32BC78E1CF28EDF00B479DE /* RouterExtensions.swift in Sources */ = {isa = PBXBuildFile; fileRef = C32BC78D1CF28EDF00B479DE /* RouterExtensions.swift */; };
		C32BC7901CF28FD200B479DE /* RouteHandlers.swift in Sources */ = {isa = PBXBuildFile; fileRef = C32BC78F1CF28FD200B479DE /* RouteHandlers.swift */; };
		C32BC7931CF33DB300B479DE /* PathTypeTests.swift in Sources */ = {isa = PBXBuildFile; fileRef = C32BC7921CF33DB300B479DE /* PathTypeTests.swift */; };
		C353DDCE1CF0CDE500203F6E /* MatchedRequest.swift in Sources */ = {isa = PBXBuildFile; fileRef = C353DDCD1CF0CDE500203F6E /* MatchedRequest.swift */; };
		C362006F1C40732600CE0AA4 /* RouterTests.swift in Sources */ = {isa = PBXBuildFile; fileRef = C362006E1C40732600CE0AA4 /* RouterTests.swift */; };
		C374CB681C4001FA00F0BB97 /* Path.swift in Sources */ = {isa = PBXBuildFile; fileRef = C374CB611C4001FA00F0BB97 /* Path.swift */; };
		C374CB691C4001FA00F0BB97 /* Request.swift in Sources */ = {isa = PBXBuildFile; fileRef = C374CB621C4001FA00F0BB97 /* Request.swift */; };
		C374CB6A1C4001FA00F0BB97 /* Response.swift in Sources */ = {isa = PBXBuildFile; fileRef = C374CB631C4001FA00F0BB97 /* Response.swift */; };
		C374CB6B1C4001FA00F0BB97 /* Route.swift in Sources */ = {isa = PBXBuildFile; fileRef = C374CB641C4001FA00F0BB97 /* Route.swift */; };
		C374CB6C1C4001FA00F0BB97 /* Router.swift in Sources */ = {isa = PBXBuildFile; fileRef = C374CB651C4001FA00F0BB97 /* Router.swift */; };
		C374CB6D1C4001FA00F0BB97 /* StatusCode.swift in Sources */ = {isa = PBXBuildFile; fileRef = C374CB661C4001FA00F0BB97 /* StatusCode.swift */; };
		C39A9E8E1C3F5AA00092B90C /* Switchboard.framework in Frameworks */ = {isa = PBXBuildFile; fileRef = C39A9E831C3F5AA00092B90C /* Switchboard.framework */; };
		C3A8563D1C4D50320065E156 /* WildcardPath.swift in Sources */ = {isa = PBXBuildFile; fileRef = C3A8563C1C4D50320065E156 /* WildcardPath.swift */; };
		C3A8563F1C4D52EC0065E156 /* PathTests.swift in Sources */ = {isa = PBXBuildFile; fileRef = C3A8563E1C4D52EC0065E156 /* PathTests.swift */; };
		C3A856411C4D9F840065E156 /* WildcardPathTests.swift in Sources */ = {isa = PBXBuildFile; fileRef = C3A856401C4D9F840065E156 /* WildcardPathTests.swift */; };
		C3EC44EF1CEE57B100413649 /* PathType.swift in Sources */ = {isa = PBXBuildFile; fileRef = C3EC44EE1CEE57B100413649 /* PathType.swift */; };
/* End PBXBuildFile section */

/* Begin PBXContainerItemProxy section */
		C39A9E8F1C3F5AA00092B90C /* PBXContainerItemProxy */ = {
			isa = PBXContainerItemProxy;
			containerPortal = C39A9E7A1C3F5AA00092B90C /* Project object */;
			proxyType = 1;
			remoteGlobalIDString = C39A9E821C3F5AA00092B90C;
			remoteInfo = Switchboard;
		};
/* End PBXContainerItemProxy section */

/* Begin PBXFileReference section */
		C32BC78D1CF28EDF00B479DE /* RouterExtensions.swift */ = {isa = PBXFileReference; fileEncoding = 4; lastKnownFileType = sourcecode.swift; path = RouterExtensions.swift; sourceTree = "<group>"; };
		C32BC78F1CF28FD200B479DE /* RouteHandlers.swift */ = {isa = PBXFileReference; fileEncoding = 4; lastKnownFileType = sourcecode.swift; path = RouteHandlers.swift; sourceTree = "<group>"; };
		C32BC7921CF33DB300B479DE /* PathTypeTests.swift */ = {isa = PBXFileReference; fileEncoding = 4; lastKnownFileType = sourcecode.swift; path = PathTypeTests.swift; sourceTree = "<group>"; };
		C353DDCD1CF0CDE500203F6E /* MatchedRequest.swift */ = {isa = PBXFileReference; explicitFileType = sourcecode.swift; fileEncoding = 4; path = MatchedRequest.swift; sourceTree = "<group>"; };
		C362006E1C40732600CE0AA4 /* RouterTests.swift */ = {isa = PBXFileReference; fileEncoding = 4; lastKnownFileType = sourcecode.swift; path = RouterTests.swift; sourceTree = "<group>"; };
		C374CB611C4001FA00F0BB97 /* Path.swift */ = {isa = PBXFileReference; fileEncoding = 4; lastKnownFileType = sourcecode.swift; path = Path.swift; sourceTree = "<group>"; };
		C374CB621C4001FA00F0BB97 /* Request.swift */ = {isa = PBXFileReference; fileEncoding = 4; lastKnownFileType = sourcecode.swift; path = Request.swift; sourceTree = "<group>"; };
		C374CB631C4001FA00F0BB97 /* Response.swift */ = {isa = PBXFileReference; fileEncoding = 4; lastKnownFileType = sourcecode.swift; path = Response.swift; sourceTree = "<group>"; };
		C374CB641C4001FA00F0BB97 /* Route.swift */ = {isa = PBXFileReference; fileEncoding = 4; lastKnownFileType = sourcecode.swift; path = Route.swift; sourceTree = "<group>"; };
		C374CB651C4001FA00F0BB97 /* Router.swift */ = {isa = PBXFileReference; fileEncoding = 4; lastKnownFileType = sourcecode.swift; path = Router.swift; sourceTree = "<group>"; };
		C374CB661C4001FA00F0BB97 /* StatusCode.swift */ = {isa = PBXFileReference; fileEncoding = 4; lastKnownFileType = sourcecode.swift; path = StatusCode.swift; sourceTree = "<group>"; };
		C39A9E831C3F5AA00092B90C /* Switchboard.framework */ = {isa = PBXFileReference; explicitFileType = wrapper.framework; includeInIndex = 0; path = Switchboard.framework; sourceTree = BUILT_PRODUCTS_DIR; };
		C39A9E881C3F5AA00092B90C /* Info.plist */ = {isa = PBXFileReference; lastKnownFileType = text.plist.xml; path = Info.plist; sourceTree = "<group>"; };
		C39A9E8D1C3F5AA00092B90C /* SwitchboardTests.xctest */ = {isa = PBXFileReference; explicitFileType = wrapper.cfbundle; includeInIndex = 0; path = SwitchboardTests.xctest; sourceTree = BUILT_PRODUCTS_DIR; };
		C39A9E941C3F5AA00092B90C /* Info.plist */ = {isa = PBXFileReference; lastKnownFileType = text.plist.xml; path = Info.plist; sourceTree = "<group>"; };
		C3A8563C1C4D50320065E156 /* WildcardPath.swift */ = {isa = PBXFileReference; fileEncoding = 4; lastKnownFileType = sourcecode.swift; path = WildcardPath.swift; sourceTree = "<group>"; };
		C3A8563E1C4D52EC0065E156 /* PathTests.swift */ = {isa = PBXFileReference; fileEncoding = 4; lastKnownFileType = sourcecode.swift; path = PathTests.swift; sourceTree = "<group>"; };
		C3A856401C4D9F840065E156 /* WildcardPathTests.swift */ = {isa = PBXFileReference; fileEncoding = 4; lastKnownFileType = sourcecode.swift; path = WildcardPathTests.swift; sourceTree = "<group>"; };
		C3EC44E81CECABAF00413649 /* Generator.swift */ = {isa = PBXFileReference; fileEncoding = 4; lastKnownFileType = sourcecode.swift; path = Generator.swift; sourceTree = "<group>"; };
		C3EC44EE1CEE57B100413649 /* PathType.swift */ = {isa = PBXFileReference; fileEncoding = 4; lastKnownFileType = sourcecode.swift; path = PathType.swift; sourceTree = "<group>"; };
/* End PBXFileReference section */

/* Begin PBXFrameworksBuildPhase section */
		C39A9E7F1C3F5AA00092B90C /* Frameworks */ = {
			isa = PBXFrameworksBuildPhase;
			buildActionMask = 2147483647;
			files = (
			);
			runOnlyForDeploymentPostprocessing = 0;
		};
		C39A9E8A1C3F5AA00092B90C /* Frameworks */ = {
			isa = PBXFrameworksBuildPhase;
			buildActionMask = 2147483647;
			files = (
				C39A9E8E1C3F5AA00092B90C /* Switchboard.framework in Frameworks */,
			);
			runOnlyForDeploymentPostprocessing = 0;
		};
/* End PBXFrameworksBuildPhase section */

/* Begin PBXGroup section */
		C39A9E791C3F5AA00092B90C = {
			isa = PBXGroup;
			children = (
				C39A9E851C3F5AA00092B90C /* Switchboard */,
				C39A9E911C3F5AA00092B90C /* SwitchboardTests */,
				C3EC44E71CECAB8C00413649 /* Generator */,
				C39A9E841C3F5AA00092B90C /* Products */,
			);
			sourceTree = "<group>";
		};
		C39A9E841C3F5AA00092B90C /* Products */ = {
			isa = PBXGroup;
			children = (
				C39A9E831C3F5AA00092B90C /* Switchboard.framework */,
				C39A9E8D1C3F5AA00092B90C /* SwitchboardTests.xctest */,
			);
			name = Products;
			sourceTree = "<group>";
		};
		C39A9E851C3F5AA00092B90C /* Switchboard */ = {
			isa = PBXGroup;
			children = (
				C353DDCD1CF0CDE500203F6E /* MatchedRequest.swift */,
				C374CB611C4001FA00F0BB97 /* Path.swift */,
				C3EC44EE1CEE57B100413649 /* PathType.swift */,
				C374CB621C4001FA00F0BB97 /* Request.swift */,
				C374CB631C4001FA00F0BB97 /* Response.swift */,
				C374CB641C4001FA00F0BB97 /* Route.swift */,
				C32BC78F1CF28FD200B479DE /* RouteHandlers.swift */,
				C374CB651C4001FA00F0BB97 /* Router.swift */,
				C32BC78D1CF28EDF00B479DE /* RouterExtensions.swift */,
				C374CB661C4001FA00F0BB97 /* StatusCode.swift */,
				C3A8563C1C4D50320065E156 /* WildcardPath.swift */,
				C39A9E881C3F5AA00092B90C /* Info.plist */,
			);
			name = Switchboard;
			path = Sources;
			sourceTree = "<group>";
		};
		C39A9E911C3F5AA00092B90C /* SwitchboardTests */ = {
			isa = PBXGroup;
			children = (
				C39A9E941C3F5AA00092B90C /* Info.plist */,
				C3A8563E1C4D52EC0065E156 /* PathTests.swift */,
				C362006E1C40732600CE0AA4 /* RouterTests.swift */,
				C3A856401C4D9F840065E156 /* WildcardPathTests.swift */,
				C32BC7921CF33DB300B479DE /* PathTypeTests.swift */,
			);
			name = SwitchboardTests;
			path = Tests;
			sourceTree = "<group>";
		};
		C3EC44E71CECAB8C00413649 /* Generator */ = {
			isa = PBXGroup;
			children = (
				C3EC44E81CECABAF00413649 /* Generator.swift */,
			);
			path = Generator;
			sourceTree = "<group>";
		};
/* End PBXGroup section */

/* Begin PBXHeadersBuildPhase section */
		C39A9E801C3F5AA00092B90C /* Headers */ = {
			isa = PBXHeadersBuildPhase;
			buildActionMask = 2147483647;
			files = (
			);
			runOnlyForDeploymentPostprocessing = 0;
		};
/* End PBXHeadersBuildPhase section */

/* Begin PBXNativeTarget section */
		C39A9E821C3F5AA00092B90C /* Switchboard */ = {
			isa = PBXNativeTarget;
			buildConfigurationList = C39A9E971C3F5AA00092B90C /* Build configuration list for PBXNativeTarget "Switchboard" */;
			buildPhases = (
				C32BC7911CF2955500B479DE /* Run Generator */,
				C39A9E7E1C3F5AA00092B90C /* Sources */,
				C39A9E7F1C3F5AA00092B90C /* Frameworks */,
				C39A9E801C3F5AA00092B90C /* Headers */,
				C39A9E811C3F5AA00092B90C /* Resources */,
			);
			buildRules = (
			);
			dependencies = (
			);
			name = Switchboard;
			productName = Switchboard;
			productReference = C39A9E831C3F5AA00092B90C /* Switchboard.framework */;
			productType = "com.apple.product-type.framework";
		};
		C39A9E8C1C3F5AA00092B90C /* SwitchboardTests */ = {
			isa = PBXNativeTarget;
			buildConfigurationList = C39A9E9A1C3F5AA00092B90C /* Build configuration list for PBXNativeTarget "SwitchboardTests" */;
			buildPhases = (
				C39A9E891C3F5AA00092B90C /* Sources */,
				C39A9E8A1C3F5AA00092B90C /* Frameworks */,
				C39A9E8B1C3F5AA00092B90C /* Resources */,
			);
			buildRules = (
			);
			dependencies = (
				C39A9E901C3F5AA00092B90C /* PBXTargetDependency */,
			);
			name = SwitchboardTests;
			productName = SwitchboardTests;
			productReference = C39A9E8D1C3F5AA00092B90C /* SwitchboardTests.xctest */;
			productType = "com.apple.product-type.bundle.unit-test";
		};
/* End PBXNativeTarget section */

/* Begin PBXProject section */
		C39A9E7A1C3F5AA00092B90C /* Project object */ = {
			isa = PBXProject;
			attributes = {
				LastSwiftUpdateCheck = 0720;
				LastUpgradeCheck = 0800;
				ORGANIZATIONNAME = Nougat;
				TargetAttributes = {
					C39A9E821C3F5AA00092B90C = {
						CreatedOnToolsVersion = 7.2;
						LastSwiftMigration = 0800;
					};
					C39A9E8C1C3F5AA00092B90C = {
						CreatedOnToolsVersion = 7.2;
						LastSwiftMigration = 0800;
					};
				};
			};
			buildConfigurationList = C39A9E7D1C3F5AA00092B90C /* Build configuration list for PBXProject "Switchboard" */;
			compatibilityVersion = "Xcode 3.2";
			developmentRegion = English;
			hasScannedForEncodings = 0;
			knownRegions = (
				en,
			);
			mainGroup = C39A9E791C3F5AA00092B90C;
			productRefGroup = C39A9E841C3F5AA00092B90C /* Products */;
			projectDirPath = "";
			projectRoot = "";
			targets = (
				C39A9E821C3F5AA00092B90C /* Switchboard */,
				C39A9E8C1C3F5AA00092B90C /* SwitchboardTests */,
			);
		};
/* End PBXProject section */

/* Begin PBXResourcesBuildPhase section */
		C39A9E811C3F5AA00092B90C /* Resources */ = {
			isa = PBXResourcesBuildPhase;
			buildActionMask = 2147483647;
			files = (
			);
			runOnlyForDeploymentPostprocessing = 0;
		};
		C39A9E8B1C3F5AA00092B90C /* Resources */ = {
			isa = PBXResourcesBuildPhase;
			buildActionMask = 2147483647;
			files = (
			);
			runOnlyForDeploymentPostprocessing = 0;
		};
/* End PBXResourcesBuildPhase section */

/* Begin PBXShellScriptBuildPhase section */
		C32BC7911CF2955500B479DE /* Run Generator */ = {
			isa = PBXShellScriptBuildPhase;
			buildActionMask = 2147483647;
			files = (
			);
			inputPaths = (
			);
			name = "Run Generator";
			outputPaths = (
			);
			runOnlyForDeploymentPostprocessing = 0;
			shellPath = /bin/sh;
			shellScript = "if [ -z \"$CI\" ]; then\n    cd \"${SRCROOT}/Generator\"\n    ./Generator.swift\nfi";
		};
/* End PBXShellScriptBuildPhase section */

/* Begin PBXSourcesBuildPhase section */
		C39A9E7E1C3F5AA00092B90C /* Sources */ = {
			isa = PBXSourcesBuildPhase;
			buildActionMask = 2147483647;
			files = (
				C374CB6D1C4001FA00F0BB97 /* StatusCode.swift in Sources */,
				C374CB6A1C4001FA00F0BB97 /* Response.swift in Sources */,
				C3EC44EF1CEE57B100413649 /* PathType.swift in Sources */,
				C374CB681C4001FA00F0BB97 /* Path.swift in Sources */,
				C353DDCE1CF0CDE500203F6E /* MatchedRequest.swift in Sources */,
				C374CB691C4001FA00F0BB97 /* Request.swift in Sources */,
				C3A8563D1C4D50320065E156 /* WildcardPath.swift in Sources */,
				C374CB6B1C4001FA00F0BB97 /* Route.swift in Sources */,
				C32BC78E1CF28EDF00B479DE /* RouterExtensions.swift in Sources */,
				C32BC7901CF28FD200B479DE /* RouteHandlers.swift in Sources */,
				C374CB6C1C4001FA00F0BB97 /* Router.swift in Sources */,
			);
			runOnlyForDeploymentPostprocessing = 0;
		};
		C39A9E891C3F5AA00092B90C /* Sources */ = {
			isa = PBXSourcesBuildPhase;
			buildActionMask = 2147483647;
			files = (
				C32BC7931CF33DB300B479DE /* PathTypeTests.swift in Sources */,
				C3A8563F1C4D52EC0065E156 /* PathTests.swift in Sources */,
				C3A856411C4D9F840065E156 /* WildcardPathTests.swift in Sources */,
				C362006F1C40732600CE0AA4 /* RouterTests.swift in Sources */,
			);
			runOnlyForDeploymentPostprocessing = 0;
		};
/* End PBXSourcesBuildPhase section */

/* Begin PBXTargetDependency section */
		C39A9E901C3F5AA00092B90C /* PBXTargetDependency */ = {
			isa = PBXTargetDependency;
			target = C39A9E821C3F5AA00092B90C /* Switchboard */;
			targetProxy = C39A9E8F1C3F5AA00092B90C /* PBXContainerItemProxy */;
		};
/* End PBXTargetDependency section */

/* Begin XCBuildConfiguration section */
		C39A9E951C3F5AA00092B90C /* Debug */ = {
			isa = XCBuildConfiguration;
			buildSettings = {
				ALWAYS_SEARCH_USER_PATHS = NO;
				CLANG_CXX_LANGUAGE_STANDARD = "gnu++0x";
				CLANG_CXX_LIBRARY = "libc++";
				CLANG_ENABLE_MODULES = YES;
				CLANG_ENABLE_OBJC_ARC = YES;
				CLANG_WARN_BOOL_CONVERSION = YES;
				CLANG_WARN_CONSTANT_CONVERSION = YES;
				CLANG_WARN_DIRECT_OBJC_ISA_USAGE = YES_ERROR;
				CLANG_WARN_EMPTY_BODY = YES;
				CLANG_WARN_ENUM_CONVERSION = YES;
				CLANG_WARN_INFINITE_RECURSION = YES;
				CLANG_WARN_INT_CONVERSION = YES;
				CLANG_WARN_OBJC_ROOT_CLASS = YES_ERROR;
				CLANG_WARN_SUSPICIOUS_MOVE = YES;
				CLANG_WARN_UNREACHABLE_CODE = YES;
				CLANG_WARN__DUPLICATE_METHOD_MATCH = YES;
				CODE_SIGN_IDENTITY = "-";
				COPY_PHASE_STRIP = NO;
				CURRENT_PROJECT_VERSION = 1;
				DEBUG_INFORMATION_FORMAT = dwarf;
				ENABLE_STRICT_OBJC_MSGSEND = YES;
				ENABLE_TESTABILITY = YES;
				GCC_C_LANGUAGE_STANDARD = gnu99;
				GCC_DYNAMIC_NO_PIC = NO;
				GCC_NO_COMMON_BLOCKS = YES;
				GCC_OPTIMIZATION_LEVEL = 0;
				GCC_PREPROCESSOR_DEFINITIONS = (
					"DEBUG=1",
					"$(inherited)",
				);
				GCC_WARN_64_TO_32_BIT_CONVERSION = YES;
				GCC_WARN_ABOUT_RETURN_TYPE = YES_ERROR;
				GCC_WARN_UNDECLARED_SELECTOR = YES;
				GCC_WARN_UNINITIALIZED_AUTOS = YES_AGGRESSIVE;
				GCC_WARN_UNUSED_FUNCTION = YES;
				GCC_WARN_UNUSED_VARIABLE = YES;
				MACOSX_DEPLOYMENT_TARGET = 10.11;
				MTL_ENABLE_DEBUG_INFO = YES;
				ONLY_ACTIVE_ARCH = YES;
				SDKROOT = macosx;
				SWIFT_OPTIMIZATION_LEVEL = "-Onone";
				VERSIONING_SYSTEM = "apple-generic";
				VERSION_INFO_PREFIX = "";
			};
			name = Debug;
		};
		C39A9E961C3F5AA00092B90C /* Release */ = {
			isa = XCBuildConfiguration;
			buildSettings = {
				ALWAYS_SEARCH_USER_PATHS = NO;
				CLANG_CXX_LANGUAGE_STANDARD = "gnu++0x";
				CLANG_CXX_LIBRARY = "libc++";
				CLANG_ENABLE_MODULES = YES;
				CLANG_ENABLE_OBJC_ARC = YES;
				CLANG_WARN_BOOL_CONVERSION = YES;
				CLANG_WARN_CONSTANT_CONVERSION = YES;
				CLANG_WARN_DIRECT_OBJC_ISA_USAGE = YES_ERROR;
				CLANG_WARN_EMPTY_BODY = YES;
				CLANG_WARN_ENUM_CONVERSION = YES;
				CLANG_WARN_INFINITE_RECURSION = YES;
				CLANG_WARN_INT_CONVERSION = YES;
				CLANG_WARN_OBJC_ROOT_CLASS = YES_ERROR;
				CLANG_WARN_SUSPICIOUS_MOVE = YES;
				CLANG_WARN_UNREACHABLE_CODE = YES;
				CLANG_WARN__DUPLICATE_METHOD_MATCH = YES;
				CODE_SIGN_IDENTITY = "-";
				COPY_PHASE_STRIP = NO;
				CURRENT_PROJECT_VERSION = 1;
				DEBUG_INFORMATION_FORMAT = "dwarf-with-dsym";
				ENABLE_NS_ASSERTIONS = NO;
				ENABLE_STRICT_OBJC_MSGSEND = YES;
				GCC_C_LANGUAGE_STANDARD = gnu99;
				GCC_NO_COMMON_BLOCKS = YES;
				GCC_WARN_64_TO_32_BIT_CONVERSION = YES;
				GCC_WARN_ABOUT_RETURN_TYPE = YES_ERROR;
				GCC_WARN_UNDECLARED_SELECTOR = YES;
				GCC_WARN_UNINITIALIZED_AUTOS = YES_AGGRESSIVE;
				GCC_WARN_UNUSED_FUNCTION = YES;
				GCC_WARN_UNUSED_VARIABLE = YES;
				MACOSX_DEPLOYMENT_TARGET = 10.11;
				MTL_ENABLE_DEBUG_INFO = NO;
				SDKROOT = macosx;
				SWIFT_OPTIMIZATION_LEVEL = "-Owholemodule";
				VERSIONING_SYSTEM = "apple-generic";
				VERSION_INFO_PREFIX = "";
			};
			name = Release;
		};
		C39A9E981C3F5AA00092B90C /* Debug */ = {
			isa = XCBuildConfiguration;
			buildSettings = {
				CLANG_ENABLE_MODULES = YES;
				CODE_SIGN_IDENTITY = "";
				COMBINE_HIDPI_IMAGES = YES;
				DEFINES_MODULE = YES;
				DYLIB_COMPATIBILITY_VERSION = 1;
				DYLIB_CURRENT_VERSION = 1;
				DYLIB_INSTALL_NAME_BASE = "@rpath";
				FRAMEWORK_VERSION = A;
				INFOPLIST_FILE = Sources/Info.plist;
				INSTALL_PATH = "$(LOCAL_LIBRARY_DIR)/Frameworks";
				LD_RUNPATH_SEARCH_PATHS = "$(inherited) @executable_path/../Frameworks @loader_path/Frameworks";
				PRODUCT_BUNDLE_IDENTIFIER = org.nougat.Switchboard;
				PRODUCT_NAME = "$(TARGET_NAME)";
				SKIP_INSTALL = YES;
				SWIFT_OPTIMIZATION_LEVEL = "-Onone";
				SWIFT_VERSION = 3.0;
			};
			name = Debug;
		};
		C39A9E991C3F5AA00092B90C /* Release */ = {
			isa = XCBuildConfiguration;
			buildSettings = {
				CLANG_ENABLE_MODULES = YES;
				CODE_SIGN_IDENTITY = "";
				COMBINE_HIDPI_IMAGES = YES;
				DEFINES_MODULE = YES;
				DYLIB_COMPATIBILITY_VERSION = 1;
				DYLIB_CURRENT_VERSION = 1;
				DYLIB_INSTALL_NAME_BASE = "@rpath";
				FRAMEWORK_VERSION = A;
				INFOPLIST_FILE = Sources/Info.plist;
				INSTALL_PATH = "$(LOCAL_LIBRARY_DIR)/Frameworks";
				LD_RUNPATH_SEARCH_PATHS = "$(inherited) @executable_path/../Frameworks @loader_path/Frameworks";
				PRODUCT_BUNDLE_IDENTIFIER = org.nougat.Switchboard;
				PRODUCT_NAME = "$(TARGET_NAME)";
				SKIP_INSTALL = YES;
				SWIFT_VERSION = 3.0;
			};
			name = Release;
		};
		C39A9E9B1C3F5AA00092B90C /* Debug */ = {
			isa = XCBuildConfiguration;
			buildSettings = {
				CLANG_ENABLE_MODULES = YES;
				COMBINE_HIDPI_IMAGES = YES;
				INFOPLIST_FILE = Tests/Info.plist;
				LD_RUNPATH_SEARCH_PATHS = "$(inherited) @executable_path/../Frameworks @loader_path/../Frameworks";
				PRODUCT_BUNDLE_IDENTIFIER = org.nougat.SwitchboardTests;
				PRODUCT_NAME = "$(TARGET_NAME)";
				SWIFT_OPTIMIZATION_LEVEL = "-Onone";
				SWIFT_VERSION = 3.0;
			};
			name = Debug;
		};
		C39A9E9C1C3F5AA00092B90C /* Release */ = {
			isa = XCBuildConfiguration;
			buildSettings = {
				CLANG_ENABLE_MODULES = YES;
				COMBINE_HIDPI_IMAGES = YES;
				INFOPLIST_FILE = Tests/Info.plist;
				LD_RUNPATH_SEARCH_PATHS = "$(inherited) @executable_path/../Frameworks @loader_path/../Frameworks";
				PRODUCT_BUNDLE_IDENTIFIER = org.nougat.SwitchboardTests;
				PRODUCT_NAME = "$(TARGET_NAME)";
				SWIFT_VERSION = 3.0;
			};
			name = Release;
		};
/* End XCBuildConfiguration section */

/* Begin XCConfigurationList section */
		C39A9E7D1C3F5AA00092B90C /* Build configuration list for PBXProject "Switchboard" */ = {
			isa = XCConfigurationList;
			buildConfigurations = (
				C39A9E951C3F5AA00092B90C /* Debug */,
				C39A9E961C3F5AA00092B90C /* Release */,
			);
			defaultConfigurationIsVisible = 0;
			defaultConfigurationName = Release;
		};
		C39A9E971C3F5AA00092B90C /* Build configuration list for PBXNativeTarget "Switchboard" */ = {
			isa = XCConfigurationList;
			buildConfigurations = (
				C39A9E981C3F5AA00092B90C /* Debug */,
				C39A9E991C3F5AA00092B90C /* Release */,
			);
			defaultConfigurationIsVisible = 0;
			defaultConfigurationName = Release;
		};
		C39A9E9A1C3F5AA00092B90C /* Build configuration list for PBXNativeTarget "SwitchboardTests" */ = {
			isa = XCConfigurationList;
			buildConfigurations = (
				C39A9E9B1C3F5AA00092B90C /* Debug */,
				C39A9E9C1C3F5AA00092B90C /* Release */,
			);
			defaultConfigurationIsVisible = 0;
			defaultConfigurationName = Release;
		};
/* End XCConfigurationList section */
	};
	rootObject = C39A9E7A1C3F5AA00092B90C /* Project object */;
}
